// !$*UTF8*$!
{
	archiveVersion = 1;
	classes = {
	};
	objectVersion = 46;
	objects = {

/* Begin PBXBuildFile section */
		0E38A02514C4BC1A00DD00A9 /* UIKit.framework in Frameworks */ = {isa = PBXBuildFile; fileRef = 0E38A02414C4BC1A00DD00A9 /* UIKit.framework */; };
		0E38A02714C4BC1A00DD00A9 /* Foundation.framework in Frameworks */ = {isa = PBXBuildFile; fileRef = 0E38A02614C4BC1A00DD00A9 /* Foundation.framework */; };
		0E38A02914C4BC1A00DD00A9 /* CoreGraphics.framework in Frameworks */ = {isa = PBXBuildFile; fileRef = 0E38A02814C4BC1A00DD00A9 /* CoreGraphics.framework */; };
		0E38A02F14C4BC1A00DD00A9 /* InfoPlist.strings in Resources */ = {isa = PBXBuildFile; fileRef = 0E38A02D14C4BC1A00DD00A9 /* InfoPlist.strings */; };
		0E38A03114C4BC1A00DD00A9 /* main.m in Sources */ = {isa = PBXBuildFile; fileRef = 0E38A03014C4BC1A00DD00A9 /* main.m */; };
		0E38A03514C4BC1A00DD00A9 /* AppDelegate.m in Sources */ = {isa = PBXBuildFile; fileRef = 0E38A03414C4BC1A00DD00A9 /* AppDelegate.m */; };
		0E38A03814C4BC1A00DD00A9 /* MainStoryboard.storyboard in Resources */ = {isa = PBXBuildFile; fileRef = 0E38A03614C4BC1A00DD00A9 /* MainStoryboard.storyboard */; };
		0E38A03B14C4BC1A00DD00A9 /* ViewController.m in Sources */ = {isa = PBXBuildFile; fileRef = 0E38A03A14C4BC1A00DD00A9 /* ViewController.m */; };
		0E38A04314C4BC3100DD00A9 /* ThingWithAQueue.m in Sources */ = {isa = PBXBuildFile; fileRef = 0E38A04214C4BC3100DD00A9 /* ThingWithAQueue.m */; };
		0E38A04914C4BFA800DD00A9 /* README.md in Resources */ = {isa = PBXBuildFile; fileRef = 0E38A04814C4BFA800DD00A9 /* README.md */; };
/* End PBXBuildFile section */

/* Begin PBXFileReference section */
		0E38A02014C4BC1A00DD00A9 /* GDCQueueDeallocTest.app */ = {isa = PBXFileReference; explicitFileType = wrapper.application; includeInIndex = 0; path = GDCQueueDeallocTest.app; sourceTree = BUILT_PRODUCTS_DIR; };
		0E38A02414C4BC1A00DD00A9 /* UIKit.framework */ = {isa = PBXFileReference; lastKnownFileType = wrapper.framework; name = UIKit.framework; path = System/Library/Frameworks/UIKit.framework; sourceTree = SDKROOT; };
		0E38A02614C4BC1A00DD00A9 /* Foundation.framework */ = {isa = PBXFileReference; lastKnownFileType = wrapper.framework; name = Foundation.framework; path = System/Library/Frameworks/Foundation.framework; sourceTree = SDKROOT; };
		0E38A02814C4BC1A00DD00A9 /* CoreGraphics.framework */ = {isa = PBXFileReference; lastKnownFileType = wrapper.framework; name = CoreGraphics.framework; path = System/Library/Frameworks/CoreGraphics.framework; sourceTree = SDKROOT; };
		0E38A02C14C4BC1A00DD00A9 /* GDCQueueDeallocTest-Info.plist */ = {isa = PBXFileReference; lastKnownFileType = text.plist.xml; path = "GDCQueueDeallocTest-Info.plist"; sourceTree = "<group>"; };
		0E38A02E14C4BC1A00DD00A9 /* en */ = {isa = PBXFileReference; lastKnownFileType = text.plist.strings; name = en; path = en.lproj/InfoPlist.strings; sourceTree = "<group>"; };
		0E38A03014C4BC1A00DD00A9 /* main.m */ = {isa = PBXFileReference; lastKnownFileType = sourcecode.c.objc; path = main.m; sourceTree = "<group>"; };
		0E38A03214C4BC1A00DD00A9 /* GDCQueueDeallocTest-Prefix.pch */ = {isa = PBXFileReference; lastKnownFileType = sourcecode.c.h; path = "GDCQueueDeallocTest-Prefix.pch"; sourceTree = "<group>"; };
		0E38A03314C4BC1A00DD00A9 /* AppDelegate.h */ = {isa = PBXFileReference; lastKnownFileType = sourcecode.c.h; path = AppDelegate.h; sourceTree = "<group>"; };
		0E38A03414C4BC1A00DD00A9 /* AppDelegate.m */ = {isa = PBXFileReference; lastKnownFileType = sourcecode.c.objc; path = AppDelegate.m; sourceTree = "<group>"; };
		0E38A03714C4BC1A00DD00A9 /* en */ = {isa = PBXFileReference; lastKnownFileType = file.storyboard; name = en; path = en.lproj/MainStoryboard.storyboard; sourceTree = "<group>"; };
		0E38A03914C4BC1A00DD00A9 /* ViewController.h */ = {isa = PBXFileReference; lastKnownFileType = sourcecode.c.h; path = ViewController.h; sourceTree = "<group>"; };
		0E38A03A14C4BC1A00DD00A9 /* ViewController.m */ = {isa = PBXFileReference; lastKnownFileType = sourcecode.c.objc; path = ViewController.m; sourceTree = "<group>"; };
		0E38A04114C4BC3100DD00A9 /* ThingWithAQueue.h */ = {isa = PBXFileReference; fileEncoding = 4; lastKnownFileType = sourcecode.c.h; path = ThingWithAQueue.h; sourceTree = "<group>"; };
		0E38A04214C4BC3100DD00A9 /* ThingWithAQueue.m */ = {isa = PBXFileReference; fileEncoding = 4; lastKnownFileType = sourcecode.c.objc; path = ThingWithAQueue.m; sourceTree = "<group>"; };
		0E38A04814C4BFA800DD00A9 /* README.md */ = {isa = PBXFileReference; fileEncoding = 4; lastKnownFileType = text; path = README.md; sourceTree = "<group>"; };
/* End PBXFileReference section */

/* Begin PBXFrameworksBuildPhase section */
		0E38A01D14C4BC1A00DD00A9 /* Frameworks */ = {
			isa = PBXFrameworksBuildPhase;
			buildActionMask = 2147483647;
			files = (
				0E38A02514C4BC1A00DD00A9 /* UIKit.framework in Frameworks */,
				0E38A02714C4BC1A00DD00A9 /* Foundation.framework in Frameworks */,
				0E38A02914C4BC1A00DD00A9 /* CoreGraphics.framework in Frameworks */,
			);
			runOnlyForDeploymentPostprocessing = 0;
		};
/* End PBXFrameworksBuildPhase section */

/* Begin PBXGroup section */
		0E38A01514C4BC1A00DD00A9 = {
			isa = PBXGroup;
			children = (
				0E38A04814C4BFA800DD00A9 /* README.md */,
				0E38A02A14C4BC1A00DD00A9 /* GDCQueueDeallocTest */,
				0E38A02314C4BC1A00DD00A9 /* Frameworks */,
				0E38A02114C4BC1A00DD00A9 /* Products */,
			);
			sourceTree = "<group>";
		};
		0E38A02114C4BC1A00DD00A9 /* Products */ = {
			isa = PBXGroup;
			children = (
				0E38A02014C4BC1A00DD00A9 /* GDCQueueDeallocTest.app */,
			);
			name = Products;
			sourceTree = "<group>";
		};
		0E38A02314C4BC1A00DD00A9 /* Frameworks */ = {
			isa = PBXGroup;
			children = (
				0E38A02414C4BC1A00DD00A9 /* UIKit.framework */,
				0E38A02614C4BC1A00DD00A9 /* Foundation.framework */,
				0E38A02814C4BC1A00DD00A9 /* CoreGraphics.framework */,
			);
			name = Frameworks;
			sourceTree = "<group>";
		};
		0E38A02A14C4BC1A00DD00A9 /* GDCQueueDeallocTest */ = {
			isa = PBXGroup;
			children = (
				0E38A04114C4BC3100DD00A9 /* ThingWithAQueue.h */,
				0E38A04214C4BC3100DD00A9 /* ThingWithAQueue.m */,
				0E38A03314C4BC1A00DD00A9 /* AppDelegate.h */,
				0E38A03414C4BC1A00DD00A9 /* AppDelegate.m */,
				0E38A03614C4BC1A00DD00A9 /* MainStoryboard.storyboard */,
				0E38A03914C4BC1A00DD00A9 /* ViewController.h */,
				0E38A03A14C4BC1A00DD00A9 /* ViewController.m */,
				0E38A02B14C4BC1A00DD00A9 /* Supporting Files */,
			);
			path = GDCQueueDeallocTest;
			sourceTree = "<group>";
		};
		0E38A02B14C4BC1A00DD00A9 /* Supporting Files */ = {
			isa = PBXGroup;
			children = (
				0E38A02C14C4BC1A00DD00A9 /* GDCQueueDeallocTest-Info.plist */,
				0E38A02D14C4BC1A00DD00A9 /* InfoPlist.strings */,
				0E38A03014C4BC1A00DD00A9 /* main.m */,
				0E38A03214C4BC1A00DD00A9 /* GDCQueueDeallocTest-Prefix.pch */,
			);
			name = "Supporting Files";
			sourceTree = "<group>";
		};
/* End PBXGroup section */

/* Begin PBXNativeTarget section */
		0E38A01F14C4BC1A00DD00A9 /* GDCQueueDeallocTest */ = {
			isa = PBXNativeTarget;
			buildConfigurationList = 0E38A03E14C4BC1A00DD00A9 /* Build configuration list for PBXNativeTarget "GDCQueueDeallocTest" */;
			buildPhases = (
				0E38A01C14C4BC1A00DD00A9 /* Sources */,
				0E38A01D14C4BC1A00DD00A9 /* Frameworks */,
				0E38A01E14C4BC1A00DD00A9 /* Resources */,
			);
			buildRules = (
			);
			dependencies = (
			);
			name = GDCQueueDeallocTest;
			productName = GDCQueueDeallocTest;
			productReference = 0E38A02014C4BC1A00DD00A9 /* GDCQueueDeallocTest.app */;
			productType = "com.apple.product-type.application";
		};
/* End PBXNativeTarget section */

/* Begin PBXProject section */
		0E38A01714C4BC1A00DD00A9 /* Project object */ = {
			isa = PBXProject;
			attributes = {
				LastUpgradeCheck = 0420;
				ORGANIZATIONNAME = R/GA;
			};
			buildConfigurationList = 0E38A01A14C4BC1A00DD00A9 /* Build configuration list for PBXProject "GDCQueueDeallocTest" */;
			compatibilityVersion = "Xcode 3.2";
			developmentRegion = English;
			hasScannedForEncodings = 0;
			knownRegions = (
				en,
			);
			mainGroup = 0E38A01514C4BC1A00DD00A9;
			productRefGroup = 0E38A02114C4BC1A00DD00A9 /* Products */;
			projectDirPath = "";
			projectRoot = "";
			targets = (
				0E38A01F14C4BC1A00DD00A9 /* GDCQueueDeallocTest */,
			);
		};
/* End PBXProject section */

/* Begin PBXResourcesBuildPhase section */
		0E38A01E14C4BC1A00DD00A9 /* Resources */ = {
			isa = PBXResourcesBuildPhase;
			buildActionMask = 2147483647;
			files = (
				0E38A02F14C4BC1A00DD00A9 /* InfoPlist.strings in Resources */,
				0E38A03814C4BC1A00DD00A9 /* MainStoryboard.storyboard in Resources */,
				0E38A04914C4BFA800DD00A9 /* README.md in Resources */,
			);
			runOnlyForDeploymentPostprocessing = 0;
		};
/* End PBXResourcesBuildPhase section */

/* Begin PBXSourcesBuildPhase section */
		0E38A01C14C4BC1A00DD00A9 /* Sources */ = {
			isa = PBXSourcesBuildPhase;
			buildActionMask = 2147483647;
			files = (
				0E38A03114C4BC1A00DD00A9 /* main.m in Sources */,
				0E38A03514C4BC1A00DD00A9 /* AppDelegate.m in Sources */,
				0E38A03B14C4BC1A00DD00A9 /* ViewController.m in Sources */,
				0E38A04314C4BC3100DD00A9 /* ThingWithAQueue.m in Sources */,
			);
			runOnlyForDeploymentPostprocessing = 0;
		};
/* End PBXSourcesBuildPhase section */

/* Begin PBXVariantGroup section */
		0E38A02D14C4BC1A00DD00A9 /* InfoPlist.strings */ = {
			isa = PBXVariantGroup;
			children = (
				0E38A02E14C4BC1A00DD00A9 /* en */,
			);
			name = InfoPlist.strings;
			sourceTree = "<group>";
		};
		0E38A03614C4BC1A00DD00A9 /* MainStoryboard.storyboard */ = {
			isa = PBXVariantGroup;
			children = (
				0E38A03714C4BC1A00DD00A9 /* en */,
			);
			name = MainStoryboard.storyboard;
			sourceTree = "<group>";
		};
/* End PBXVariantGroup section */

/* Begin XCBuildConfiguration section */
		0E38A03C14C4BC1A00DD00A9 /* Debug */ = {
			isa = XCBuildConfiguration;
			buildSettings = {
				ALWAYS_SEARCH_USER_PATHS = NO;
				ARCHS = "$(ARCHS_STANDARD_32_BIT)";
				CLANG_ENABLE_OBJC_ARC = YES;
				"CODE_SIGN_IDENTITY[sdk=iphoneos*]" = "iPhone Developer";
				COPY_PHASE_STRIP = NO;
				GCC_C_LANGUAGE_STANDARD = gnu99;
				GCC_DYNAMIC_NO_PIC = NO;
				GCC_OPTIMIZATION_LEVEL = 0;
				GCC_PREPROCESSOR_DEFINITIONS = (
					"DEBUG=1",
					"$(inherited)",
				);
				GCC_SYMBOLS_PRIVATE_EXTERN = NO;
				GCC_VERSION = com.apple.compilers.llvm.clang.1_0;
				GCC_WARN_ABOUT_MISSING_PROTOTYPES = YES;
				GCC_WARN_ABOUT_RETURN_TYPE = YES;
				GCC_WARN_UNUSED_VARIABLE = YES;
				IPHONEOS_DEPLOYMENT_TARGET = 5.0;
				SDKROOT = iphoneos;
			};
			name = Debug;
		};
		0E38A03D14C4BC1A00DD00A9 /* Release */ = {
			isa = XCBuildConfiguration;
			buildSettings = {
				ALWAYS_SEARCH_USER_PATHS = NO;
				ARCHS = "$(ARCHS_STANDARD_32_BIT)";
				CLANG_ENABLE_OBJC_ARC = YES;
				"CODE_SIGN_IDENTITY[sdk=iphoneos*]" = "iPhone Developer";
				COPY_PHASE_STRIP = YES;
				GCC_C_LANGUAGE_STANDARD = gnu99;
				GCC_VERSION = com.apple.compilers.llvm.clang.1_0;
				GCC_WARN_ABOUT_MISSING_PROTOTYPES = YES;
				GCC_WARN_ABOUT_RETURN_TYPE = YES;
				GCC_WARN_UNUSED_VARIABLE = YES;
				IPHONEOS_DEPLOYMENT_TARGET = 5.0;
				OTHER_CFLAGS = "-DNS_BLOCK_ASSERTIONS=1";
				SDKROOT = iphoneos;
				VALIDATE_PRODUCT = YES;
			};
			name = Release;
		};
		0E38A03F14C4BC1A00DD00A9 /* Debug */ = {
			isa = XCBuildConfiguration;
			buildSettings = {
				GCC_PRECOMPILE_PREFIX_HEADER = YES;
				GCC_PREFIX_HEADER = "GDCQueueDeallocTest/GDCQueueDeallocTest-Prefix.pch";
				INFOPLIST_FILE = "GDCQueueDeallocTest/GDCQueueDeallocTest-Info.plist";
				PRODUCT_NAME = "$(TARGET_NAME)";
				WRAPPER_EXTENSION = app;
			};
			name = Debug;
		};
		0E38A04014C4BC1A00DD00A9 /* Release */ = {
			isa = XCBuildConfiguration;
			buildSettings = {
				GCC_PRECOMPILE_PREFIX_HEADER = YES;
				GCC_PREFIX_HEADER = "GDCQueueDeallocTest/GDCQueueDeallocTest-Prefix.pch";
				INFOPLIST_FILE = "GDCQueueDeallocTest/GDCQueueDeallocTest-Info.plist";
				PRODUCT_NAME = "$(TARGET_NAME)";
				WRAPPER_EXTENSION = app;
			};
			name = Release;
		};
/* End XCBuildConfiguration section */

/* Begin XCConfigurationList section */
		0E38A01A14C4BC1A00DD00A9 /* Build configuration list for PBXProject "GDCQueueDeallocTest" */ = {
			isa = XCConfigurationList;
			buildConfigurations = (
				0E38A03C14C4BC1A00DD00A9 /* Debug */,
				0E38A03D14C4BC1A00DD00A9 /* Release */,
			);
			defaultConfigurationIsVisible = 0;
			defaultConfigurationName = Release;
		};
		0E38A03E14C4BC1A00DD00A9 /* Build configuration list for PBXNativeTarget "GDCQueueDeallocTest" */ = {
			isa = XCConfigurationList;
			buildConfigurations = (
				0E38A03F14C4BC1A00DD00A9 /* Debug */,
				0E38A04014C4BC1A00DD00A9 /* Release */,
			);
			defaultConfigurationIsVisible = 0;
			defaultConfigurationName = Release;
		};
/* End XCConfigurationList section */
	};
	rootObject = 0E38A01714C4BC1A00DD00A9 /* Project object */;
}
